// !$*UTF8*$!
{
	archiveVersion = 1;
	classes = {
	};
	objectVersion = 56;
	objects = {

/* Begin PBXBuildFile section */
		492546B72C7030F100B86971 /* AveragePriceCalculatorApp.swift in Sources */ = {isa = PBXBuildFile; fileRef = 492546B62C7030F100B86971 /* AveragePriceCalculatorApp.swift */; };
		492546B92C7030F100B86971 /* ContentView.swift in Sources */ = {isa = PBXBuildFile; fileRef = 492546B82C7030F100B86971 /* ContentView.swift */; };
		492546BB2C7030F300B86971 /* Assets.xcassets in Resources */ = {isa = PBXBuildFile; fileRef = 492546BA2C7030F300B86971 /* Assets.xcassets */; };
		492546BE2C7030F300B86971 /* Preview Assets.xcassets in Resources */ = {isa = PBXBuildFile; fileRef = 492546BD2C7030F300B86971 /* Preview Assets.xcassets */; };
		492546C62C70316900B86971 /* ComposableArchitecture in Frameworks */ = {isa = PBXBuildFile; productRef = 492546C52C70316900B86971 /* ComposableArchitecture */; };
		492546C82C70332400B86971 /* DisplayListFeature.swift in Sources */ = {isa = PBXBuildFile; fileRef = 492546C72C70332400B86971 /* DisplayListFeature.swift */; };
		492546CA2C70342F00B86971 /* ItemModel.swift in Sources */ = {isa = PBXBuildFile; fileRef = 492546C92C70342F00B86971 /* ItemModel.swift */; };
		492546CC2C70386E00B86971 /* UserDefaultsManager.swift in Sources */ = {isa = PBXBuildFile; fileRef = 492546CB2C70386E00B86971 /* UserDefaultsManager.swift */; };
		492546CE2C70411F00B86971 /* Extension+Double.swift in Sources */ = {isa = PBXBuildFile; fileRef = 492546CD2C70411F00B86971 /* Extension+Double.swift */; };
		492546D42C704C1600B86971 /* SettingsFeature.swift in Sources */ = {isa = PBXBuildFile; fileRef = 492546D32C704C1600B86971 /* SettingsFeature.swift */; };
		492546D62C704DFB00B86971 /* AppFeature.swift in Sources */ = {isa = PBXBuildFile; fileRef = 492546D52C704DFB00B86971 /* AppFeature.swift */; };
		492546D82C71BFC100B86971 /* AddItemFeature.swift in Sources */ = {isa = PBXBuildFile; fileRef = 492546D72C71BFC100B86971 /* AddItemFeature.swift */; };
		492546DA2C71C41A00B86971 /* AverageCalculatorModel.swift in Sources */ = {isa = PBXBuildFile; fileRef = 492546D92C71C41A00B86971 /* AverageCalculatorModel.swift */; };
		4946AAF92C797A0A008A86C4 /* Extension+Date.swift in Sources */ = {isa = PBXBuildFile; fileRef = 4946AAF82C797A0A008A86C4 /* Extension+Date.swift */; };
		4946AAFB2C79DD89008A86C4 /* ItemDetailFeature.swift in Sources */ = {isa = PBXBuildFile; fileRef = 4946AAFA2C79DD89008A86C4 /* ItemDetailFeature.swift */; };
		4946AAFD2C82A6ED008A86C4 /* ToastView.swift in Sources */ = {isa = PBXBuildFile; fileRef = 4946AAFC2C82A6ED008A86C4 /* ToastView.swift */; };
		4946AB002C82A731008A86C4 /* ToastStyleType.swift in Sources */ = {isa = PBXBuildFile; fileRef = 4946AAFF2C82A731008A86C4 /* ToastStyleType.swift */; };
		4946AB062C82A92D008A86C4 /* Colors.xcassets in Resources */ = {isa = PBXBuildFile; fileRef = 4946AB052C82A92D008A86C4 /* Colors.xcassets */; };
		4946AB082C82AC76008A86C4 /* Extension+View.swift in Sources */ = {isa = PBXBuildFile; fileRef = 4946AB072C82AC76008A86C4 /* Extension+View.swift */; };
		4946AB0A2C82AC8A008A86C4 /* ToastModifier.swift in Sources */ = {isa = PBXBuildFile; fileRef = 4946AB092C82AC8A008A86C4 /* ToastModifier.swift */; };
		4946AB0D2C82ACDE008A86C4 /* ToastModel.swift in Sources */ = {isa = PBXBuildFile; fileRef = 4946AB0C2C82ACDE008A86C4 /* ToastModel.swift */; };
/* End PBXBuildFile section */

/* Begin PBXFileReference section */
		492546B32C7030F100B86971 /* AveragePriceCalculator.app */ = {isa = PBXFileReference; explicitFileType = wrapper.application; includeInIndex = 0; path = AveragePriceCalculator.app; sourceTree = BUILT_PRODUCTS_DIR; };
		492546B62C7030F100B86971 /* AveragePriceCalculatorApp.swift */ = {isa = PBXFileReference; lastKnownFileType = sourcecode.swift; path = AveragePriceCalculatorApp.swift; sourceTree = "<group>"; };
		492546B82C7030F100B86971 /* ContentView.swift */ = {isa = PBXFileReference; lastKnownFileType = sourcecode.swift; path = ContentView.swift; sourceTree = "<group>"; };
		492546BA2C7030F300B86971 /* Assets.xcassets */ = {isa = PBXFileReference; lastKnownFileType = folder.assetcatalog; path = Assets.xcassets; sourceTree = "<group>"; };
		492546BD2C7030F300B86971 /* Preview Assets.xcassets */ = {isa = PBXFileReference; lastKnownFileType = folder.assetcatalog; path = "Preview Assets.xcassets"; sourceTree = "<group>"; };
		492546C72C70332400B86971 /* DisplayListFeature.swift */ = {isa = PBXFileReference; lastKnownFileType = sourcecode.swift; path = DisplayListFeature.swift; sourceTree = "<group>"; };
		492546C92C70342F00B86971 /* ItemModel.swift */ = {isa = PBXFileReference; lastKnownFileType = sourcecode.swift; path = ItemModel.swift; sourceTree = "<group>"; };
		492546CB2C70386E00B86971 /* UserDefaultsManager.swift */ = {isa = PBXFileReference; lastKnownFileType = sourcecode.swift; path = UserDefaultsManager.swift; sourceTree = "<group>"; };
		492546CD2C70411F00B86971 /* Extension+Double.swift */ = {isa = PBXFileReference; lastKnownFileType = sourcecode.swift; path = "Extension+Double.swift"; sourceTree = "<group>"; };
		492546D32C704C1600B86971 /* SettingsFeature.swift */ = {isa = PBXFileReference; lastKnownFileType = sourcecode.swift; path = SettingsFeature.swift; sourceTree = "<group>"; };
		492546D52C704DFB00B86971 /* AppFeature.swift */ = {isa = PBXFileReference; lastKnownFileType = sourcecode.swift; path = AppFeature.swift; sourceTree = "<group>"; };
		492546D72C71BFC100B86971 /* AddItemFeature.swift */ = {isa = PBXFileReference; lastKnownFileType = sourcecode.swift; path = AddItemFeature.swift; sourceTree = "<group>"; };
		492546D92C71C41A00B86971 /* AverageCalculatorModel.swift */ = {isa = PBXFileReference; lastKnownFileType = sourcecode.swift; path = AverageCalculatorModel.swift; sourceTree = "<group>"; };
		4946AAF82C797A0A008A86C4 /* Extension+Date.swift */ = {isa = PBXFileReference; lastKnownFileType = sourcecode.swift; path = "Extension+Date.swift"; sourceTree = "<group>"; };
		4946AAFA2C79DD89008A86C4 /* ItemDetailFeature.swift */ = {isa = PBXFileReference; lastKnownFileType = sourcecode.swift; path = ItemDetailFeature.swift; sourceTree = "<group>"; };
		4946AAFC2C82A6ED008A86C4 /* ToastView.swift */ = {isa = PBXFileReference; lastKnownFileType = sourcecode.swift; path = ToastView.swift; sourceTree = "<group>"; };
		4946AAFF2C82A731008A86C4 /* ToastStyleType.swift */ = {isa = PBXFileReference; lastKnownFileType = sourcecode.swift; path = ToastStyleType.swift; sourceTree = "<group>"; };
		4946AB052C82A92D008A86C4 /* Colors.xcassets */ = {isa = PBXFileReference; lastKnownFileType = folder.assetcatalog; path = Colors.xcassets; sourceTree = "<group>"; };
		4946AB072C82AC76008A86C4 /* Extension+View.swift */ = {isa = PBXFileReference; lastKnownFileType = sourcecode.swift; path = "Extension+View.swift"; sourceTree = "<group>"; };
		4946AB092C82AC8A008A86C4 /* ToastModifier.swift */ = {isa = PBXFileReference; lastKnownFileType = sourcecode.swift; path = ToastModifier.swift; sourceTree = "<group>"; };
		4946AB0C2C82ACDE008A86C4 /* ToastModel.swift */ = {isa = PBXFileReference; lastKnownFileType = sourcecode.swift; path = ToastModel.swift; sourceTree = "<group>"; };
/* End PBXFileReference section */

/* Begin PBXFrameworksBuildPhase section */
		492546B02C7030F100B86971 /* Frameworks */ = {
			isa = PBXFrameworksBuildPhase;
			buildActionMask = 2147483647;
			files = (
				492546C62C70316900B86971 /* ComposableArchitecture in Frameworks */,
			);
			runOnlyForDeploymentPostprocessing = 0;
		};
/* End PBXFrameworksBuildPhase section */

/* Begin PBXGroup section */
		492546AA2C7030F100B86971 = {
			isa = PBXGroup;
			children = (
				492546B52C7030F100B86971 /* AveragePriceCalculator */,
				492546B42C7030F100B86971 /* Products */,
			);
			sourceTree = "<group>";
		};
		492546B42C7030F100B86971 /* Products */ = {
			isa = PBXGroup;
			children = (
				492546B32C7030F100B86971 /* AveragePriceCalculator.app */,
			);
			name = Products;
			sourceTree = "<group>";
		};
		492546B52C7030F100B86971 /* AveragePriceCalculator */ = {
			isa = PBXGroup;
			children = (
				492546B62C7030F100B86971 /* AveragePriceCalculatorApp.swift */,
				492546B82C7030F100B86971 /* ContentView.swift */,
				492546BA2C7030F300B86971 /* Assets.xcassets */,
				4946AB052C82A92D008A86C4 /* Colors.xcassets */,
				492546BC2C7030F300B86971 /* Preview Content */,
				492546D22C704A6600B86971 /* Features */,
				492546CF2C704A4E00B86971 /* Model */,
				492546D02C704A5300B86971 /* Tools */,
				4946AAFE2C82A720008A86C4 /* CustomView */,
			);
			path = AveragePriceCalculator;
			sourceTree = "<group>";
		};
		492546BC2C7030F300B86971 /* Preview Content */ = {
			isa = PBXGroup;
			children = (
				492546BD2C7030F300B86971 /* Preview Assets.xcassets */,
			);
			path = "Preview Content";
			sourceTree = "<group>";
		};
		492546CF2C704A4E00B86971 /* Model */ = {
			isa = PBXGroup;
			children = (
				492546C92C70342F00B86971 /* ItemModel.swift */,
				492546D92C71C41A00B86971 /* AverageCalculatorModel.swift */,
			);
			path = Model;
			sourceTree = "<group>";
		};
		492546D02C704A5300B86971 /* Tools */ = {
			isa = PBXGroup;
			children = (
				492546D12C704A5C00B86971 /* Extension */,
				492546CB2C70386E00B86971 /* UserDefaultsManager.swift */,
				4946AB0B2C82AC8E008A86C4 /* Modifier */,
			);
			path = Tools;
			sourceTree = "<group>";
		};
		492546D12C704A5C00B86971 /* Extension */ = {
			isa = PBXGroup;
			children = (
				492546CD2C70411F00B86971 /* Extension+Double.swift */,
				4946AAF82C797A0A008A86C4 /* Extension+Date.swift */,
				4946AB072C82AC76008A86C4 /* Extension+View.swift */,
			);
			path = Extension;
			sourceTree = "<group>";
		};
		492546D22C704A6600B86971 /* Features */ = {
			isa = PBXGroup;
			children = (
				492546C72C70332400B86971 /* DisplayListFeature.swift */,
				492546D32C704C1600B86971 /* SettingsFeature.swift */,
				492546D52C704DFB00B86971 /* AppFeature.swift */,
				492546D72C71BFC100B86971 /* AddItemFeature.swift */,
				4946AAFA2C79DD89008A86C4 /* ItemDetailFeature.swift */,
			);
			path = Features;
			sourceTree = "<group>";
		};
		4946AAFE2C82A720008A86C4 /* CustomView */ = {
			isa = PBXGroup;
			children = (
				4946AB042C82A846008A86C4 /* Toast */,
			);
			path = CustomView;
			sourceTree = "<group>";
		};
		4946AB032C82A840008A86C4 /* Model */ = {
			isa = PBXGroup;
			children = (
				4946AAFF2C82A731008A86C4 /* ToastStyleType.swift */,
			);
			path = Model;
			sourceTree = "<group>";
		};
		4946AB042C82A846008A86C4 /* Toast */ = {
			isa = PBXGroup;
			children = (
				4946AB032C82A840008A86C4 /* Model */,
				4946AAFC2C82A6ED008A86C4 /* ToastView.swift */,
			);
			path = Toast;
			sourceTree = "<group>";
		};
		4946AB0B2C82AC8E008A86C4 /* Modifier */ = {
			isa = PBXGroup;
			children = (
				4946AB0E2C82ACE3008A86C4 /* Model */,
				4946AB092C82AC8A008A86C4 /* ToastModifier.swift */,
			);
			path = Modifier;
			sourceTree = "<group>";
		};
		4946AB0E2C82ACE3008A86C4 /* Model */ = {
			isa = PBXGroup;
			children = (
				4946AB0C2C82ACDE008A86C4 /* ToastModel.swift */,
			);
			path = Model;
			sourceTree = "<group>";
		};
/* End PBXGroup section */

/* Begin PBXNativeTarget section */
		492546B22C7030F100B86971 /* AveragePriceCalculator */ = {
			isa = PBXNativeTarget;
			buildConfigurationList = 492546C12C7030F300B86971 /* Build configuration list for PBXNativeTarget "AveragePriceCalculator" */;
			buildPhases = (
				492546AF2C7030F100B86971 /* Sources */,
				492546B02C7030F100B86971 /* Frameworks */,
				492546B12C7030F100B86971 /* Resources */,
			);
			buildRules = (
			);
			dependencies = (
			);
			name = AveragePriceCalculator;
			packageProductDependencies = (
				492546C52C70316900B86971 /* ComposableArchitecture */,
			);
			productName = AveragePriceCalculator;
			productReference = 492546B32C7030F100B86971 /* AveragePriceCalculator.app */;
			productType = "com.apple.product-type.application";
		};
/* End PBXNativeTarget section */

/* Begin PBXProject section */
		492546AB2C7030F100B86971 /* Project object */ = {
			isa = PBXProject;
			attributes = {
				BuildIndependentTargetsInParallel = 1;
				LastSwiftUpdateCheck = 1510;
				LastUpgradeCheck = 1510;
				TargetAttributes = {
					492546B22C7030F100B86971 = {
						CreatedOnToolsVersion = 15.1;
					};
				};
			};
			buildConfigurationList = 492546AE2C7030F100B86971 /* Build configuration list for PBXProject "AveragePriceCalculator" */;
			compatibilityVersion = "Xcode 14.0";
			developmentRegion = en;
			hasScannedForEncodings = 0;
			knownRegions = (
				en,
				Base,
			);
			mainGroup = 492546AA2C7030F100B86971;
			packageReferences = (
				492546C42C70316900B86971 /* XCRemoteSwiftPackageReference "swift-composable-architecture" */,
			);
			productRefGroup = 492546B42C7030F100B86971 /* Products */;
			projectDirPath = "";
			projectRoot = "";
			targets = (
				492546B22C7030F100B86971 /* AveragePriceCalculator */,
			);
		};
/* End PBXProject section */

/* Begin PBXResourcesBuildPhase section */
		492546B12C7030F100B86971 /* Resources */ = {
			isa = PBXResourcesBuildPhase;
			buildActionMask = 2147483647;
			files = (
				4946AB062C82A92D008A86C4 /* Colors.xcassets in Resources */,
				492546BE2C7030F300B86971 /* Preview Assets.xcassets in Resources */,
				492546BB2C7030F300B86971 /* Assets.xcassets in Resources */,
			);
			runOnlyForDeploymentPostprocessing = 0;
		};
/* End PBXResourcesBuildPhase section */

/* Begin PBXSourcesBuildPhase section */
		492546AF2C7030F100B86971 /* Sources */ = {
			isa = PBXSourcesBuildPhase;
			buildActionMask = 2147483647;
			files = (
				492546D62C704DFB00B86971 /* AppFeature.swift in Sources */,
				492546DA2C71C41A00B86971 /* AverageCalculatorModel.swift in Sources */,
				492546D82C71BFC100B86971 /* AddItemFeature.swift in Sources */,
				492546B92C7030F100B86971 /* ContentView.swift in Sources */,
				492546D42C704C1600B86971 /* SettingsFeature.swift in Sources */,
				4946AAF92C797A0A008A86C4 /* Extension+Date.swift in Sources */,
				492546B72C7030F100B86971 /* AveragePriceCalculatorApp.swift in Sources */,
				4946AB082C82AC76008A86C4 /* Extension+View.swift in Sources */,
				4946AB0A2C82AC8A008A86C4 /* ToastModifier.swift in Sources */,
				4946AAFD2C82A6ED008A86C4 /* ToastView.swift in Sources */,
				492546CE2C70411F00B86971 /* Extension+Double.swift in Sources */,
				4946AB0D2C82ACDE008A86C4 /* ToastModel.swift in Sources */,
				4946AAFB2C79DD89008A86C4 /* ItemDetailFeature.swift in Sources */,
				492546CA2C70342F00B86971 /* ItemModel.swift in Sources */,
				492546C82C70332400B86971 /* DisplayListFeature.swift in Sources */,
				492546CC2C70386E00B86971 /* UserDefaultsManager.swift in Sources */,
				4946AB002C82A731008A86C4 /* ToastStyleType.swift in Sources */,
			);
			runOnlyForDeploymentPostprocessing = 0;
		};
/* End PBXSourcesBuildPhase section */

/* Begin XCBuildConfiguration section */
		492546BF2C7030F300B86971 /* Debug */ = {
			isa = XCBuildConfiguration;
			buildSettings = {
				ALWAYS_SEARCH_USER_PATHS = NO;
				ASSETCATALOG_COMPILER_GENERATE_SWIFT_ASSET_SYMBOL_EXTENSIONS = YES;
				CLANG_ANALYZER_NONNULL = YES;
				CLANG_ANALYZER_NUMBER_OBJECT_CONVERSION = YES_AGGRESSIVE;
				CLANG_CXX_LANGUAGE_STANDARD = "gnu++20";
				CLANG_ENABLE_MODULES = YES;
				CLANG_ENABLE_OBJC_ARC = YES;
				CLANG_ENABLE_OBJC_WEAK = YES;
				CLANG_WARN_BLOCK_CAPTURE_AUTORELEASING = YES;
				CLANG_WARN_BOOL_CONVERSION = YES;
				CLANG_WARN_COMMA = YES;
				CLANG_WARN_CONSTANT_CONVERSION = YES;
				CLANG_WARN_DEPRECATED_OBJC_IMPLEMENTATIONS = YES;
				CLANG_WARN_DIRECT_OBJC_ISA_USAGE = YES_ERROR;
				CLANG_WARN_DOCUMENTATION_COMMENTS = YES;
				CLANG_WARN_EMPTY_BODY = YES;
				CLANG_WARN_ENUM_CONVERSION = YES;
				CLANG_WARN_INFINITE_RECURSION = YES;
				CLANG_WARN_INT_CONVERSION = YES;
				CLANG_WARN_NON_LITERAL_NULL_CONVERSION = YES;
				CLANG_WARN_OBJC_IMPLICIT_RETAIN_SELF = YES;
				CLANG_WARN_OBJC_LITERAL_CONVERSION = YES;
				CLANG_WARN_OBJC_ROOT_CLASS = YES_ERROR;
				CLANG_WARN_QUOTED_INCLUDE_IN_FRAMEWORK_HEADER = YES;
				CLANG_WARN_RANGE_LOOP_ANALYSIS = YES;
				CLANG_WARN_STRICT_PROTOTYPES = YES;
				CLANG_WARN_SUSPICIOUS_MOVE = YES;
				CLANG_WARN_UNGUARDED_AVAILABILITY = YES_AGGRESSIVE;
				CLANG_WARN_UNREACHABLE_CODE = YES;
				CLANG_WARN__DUPLICATE_METHOD_MATCH = YES;
				COPY_PHASE_STRIP = NO;
				DEBUG_INFORMATION_FORMAT = dwarf;
				ENABLE_STRICT_OBJC_MSGSEND = YES;
				ENABLE_TESTABILITY = YES;
				ENABLE_USER_SCRIPT_SANDBOXING = YES;
				GCC_C_LANGUAGE_STANDARD = gnu17;
				GCC_DYNAMIC_NO_PIC = NO;
				GCC_NO_COMMON_BLOCKS = YES;
				GCC_OPTIMIZATION_LEVEL = 0;
				GCC_PREPROCESSOR_DEFINITIONS = (
					"DEBUG=1",
					"$(inherited)",
				);
				GCC_WARN_64_TO_32_BIT_CONVERSION = YES;
				GCC_WARN_ABOUT_RETURN_TYPE = YES_ERROR;
				GCC_WARN_UNDECLARED_SELECTOR = YES;
				GCC_WARN_UNINITIALIZED_AUTOS = YES_AGGRESSIVE;
				GCC_WARN_UNUSED_FUNCTION = YES;
				GCC_WARN_UNUSED_VARIABLE = YES;
				IPHONEOS_DEPLOYMENT_TARGET = 16;
				LOCALIZATION_PREFERS_STRING_CATALOGS = YES;
				MTL_ENABLE_DEBUG_INFO = INCLUDE_SOURCE;
				MTL_FAST_MATH = YES;
				ONLY_ACTIVE_ARCH = YES;
				SDKROOT = iphoneos;
				SWIFT_ACTIVE_COMPILATION_CONDITIONS = "DEBUG $(inherited)";
				SWIFT_OPTIMIZATION_LEVEL = "-Onone";
			};
			name = Debug;
		};
		492546C02C7030F300B86971 /* Release */ = {
			isa = XCBuildConfiguration;
			buildSettings = {
				ALWAYS_SEARCH_USER_PATHS = NO;
				ASSETCATALOG_COMPILER_GENERATE_SWIFT_ASSET_SYMBOL_EXTENSIONS = YES;
				CLANG_ANALYZER_NONNULL = YES;
				CLANG_ANALYZER_NUMBER_OBJECT_CONVERSION = YES_AGGRESSIVE;
				CLANG_CXX_LANGUAGE_STANDARD = "gnu++20";
				CLANG_ENABLE_MODULES = YES;
				CLANG_ENABLE_OBJC_ARC = YES;
				CLANG_ENABLE_OBJC_WEAK = YES;
				CLANG_WARN_BLOCK_CAPTURE_AUTORELEASING = YES;
				CLANG_WARN_BOOL_CONVERSION = YES;
				CLANG_WARN_COMMA = YES;
				CLANG_WARN_CONSTANT_CONVERSION = YES;
				CLANG_WARN_DEPRECATED_OBJC_IMPLEMENTATIONS = YES;
				CLANG_WARN_DIRECT_OBJC_ISA_USAGE = YES_ERROR;
				CLANG_WARN_DOCUMENTATION_COMMENTS = YES;
				CLANG_WARN_EMPTY_BODY = YES;
				CLANG_WARN_ENUM_CONVERSION = YES;
				CLANG_WARN_INFINITE_RECURSION = YES;
				CLANG_WARN_INT_CONVERSION = YES;
				CLANG_WARN_NON_LITERAL_NULL_CONVERSION = YES;
				CLANG_WARN_OBJC_IMPLICIT_RETAIN_SELF = YES;
				CLANG_WARN_OBJC_LITERAL_CONVERSION = YES;
				CLANG_WARN_OBJC_ROOT_CLASS = YES_ERROR;
				CLANG_WARN_QUOTED_INCLUDE_IN_FRAMEWORK_HEADER = YES;
				CLANG_WARN_RANGE_LOOP_ANALYSIS = YES;
				CLANG_WARN_STRICT_PROTOTYPES = YES;
				CLANG_WARN_SUSPICIOUS_MOVE = YES;
				CLANG_WARN_UNGUARDED_AVAILABILITY = YES_AGGRESSIVE;
				CLANG_WARN_UNREACHABLE_CODE = YES;
				CLANG_WARN__DUPLICATE_METHOD_MATCH = YES;
				COPY_PHASE_STRIP = NO;
				DEBUG_INFORMATION_FORMAT = "dwarf-with-dsym";
				ENABLE_NS_ASSERTIONS = NO;
				ENABLE_STRICT_OBJC_MSGSEND = YES;
				ENABLE_USER_SCRIPT_SANDBOXING = YES;
				GCC_C_LANGUAGE_STANDARD = gnu17;
				GCC_NO_COMMON_BLOCKS = YES;
				GCC_WARN_64_TO_32_BIT_CONVERSION = YES;
				GCC_WARN_ABOUT_RETURN_TYPE = YES_ERROR;
				GCC_WARN_UNDECLARED_SELECTOR = YES;
				GCC_WARN_UNINITIALIZED_AUTOS = YES_AGGRESSIVE;
				GCC_WARN_UNUSED_FUNCTION = YES;
				GCC_WARN_UNUSED_VARIABLE = YES;
				IPHONEOS_DEPLOYMENT_TARGET = 16;
				LOCALIZATION_PREFERS_STRING_CATALOGS = YES;
				MTL_ENABLE_DEBUG_INFO = NO;
				MTL_FAST_MATH = YES;
				SDKROOT = iphoneos;
				SWIFT_COMPILATION_MODE = wholemodule;
				VALIDATE_PRODUCT = YES;
			};
			name = Release;
		};
		492546C22C7030F300B86971 /* Debug */ = {
			isa = XCBuildConfiguration;
			buildSettings = {
				ASSETCATALOG_COMPILER_APPICON_NAME = AppIcon;
				ASSETCATALOG_COMPILER_GLOBAL_ACCENT_COLOR_NAME = AccentColor;
				CODE_SIGN_STYLE = Automatic;
				CURRENT_PROJECT_VERSION = 1;
				DEVELOPMENT_ASSET_PATHS = "\"AveragePriceCalculator/Preview Content\"";
				DEVELOPMENT_TEAM = R6V3UCSNG3;
				ENABLE_PREVIEWS = YES;
				GENERATE_INFOPLIST_FILE = YES;
				INFOPLIST_KEY_UIApplicationSceneManifest_Generation = YES;
				INFOPLIST_KEY_UIApplicationSupportsIndirectInputEvents = YES;
				INFOPLIST_KEY_UILaunchScreen_Generation = YES;
				INFOPLIST_KEY_UISupportedInterfaceOrientations_iPad = "UIInterfaceOrientationPortrait UIInterfaceOrientationPortraitUpsideDown UIInterfaceOrientationLandscapeLeft UIInterfaceOrientationLandscapeRight";
				INFOPLIST_KEY_UISupportedInterfaceOrientations_iPhone = "UIInterfaceOrientationPortrait UIInterfaceOrientationLandscapeLeft UIInterfaceOrientationLandscapeRight";
				IPHONEOS_DEPLOYMENT_TARGET = 16.0;
				LD_RUNPATH_SEARCH_PATHS = (
					"$(inherited)",
					"@executable_path/Frameworks",
				);
				MARKETING_VERSION = 1.0;
				PRODUCT_BUNDLE_IDENTIFIER = com.ycompany.AveragePriceCalculator;
				PRODUCT_NAME = "$(TARGET_NAME)";
				SWIFT_EMIT_LOC_STRINGS = YES;
				SWIFT_VERSION = 5.0;
				TARGETED_DEVICE_FAMILY = "1,2";
			};
			name = Debug;
		};
		492546C32C7030F300B86971 /* Release */ = {
			isa = XCBuildConfiguration;
			buildSettings = {
				ASSETCATALOG_COMPILER_APPICON_NAME = AppIcon;
				ASSETCATALOG_COMPILER_GLOBAL_ACCENT_COLOR_NAME = AccentColor;
				CODE_SIGN_STYLE = Automatic;
				CURRENT_PROJECT_VERSION = 1;
				DEVELOPMENT_ASSET_PATHS = "\"AveragePriceCalculator/Preview Content\"";
				DEVELOPMENT_TEAM = R6V3UCSNG3;
				ENABLE_PREVIEWS = YES;
				GENERATE_INFOPLIST_FILE = YES;
				INFOPLIST_KEY_UIApplicationSceneManifest_Generation = YES;
				INFOPLIST_KEY_UIApplicationSupportsIndirectInputEvents = YES;
				INFOPLIST_KEY_UILaunchScreen_Generation = YES;
				INFOPLIST_KEY_UISupportedInterfaceOrientations_iPad = "UIInterfaceOrientationPortrait UIInterfaceOrientationPortraitUpsideDown UIInterfaceOrientationLandscapeLeft UIInterfaceOrientationLandscapeRight";
				INFOPLIST_KEY_UISupportedInterfaceOrientations_iPhone = "UIInterfaceOrientationPortrait UIInterfaceOrientationLandscapeLeft UIInterfaceOrientationLandscapeRight";
				IPHONEOS_DEPLOYMENT_TARGET = 16.0;
				LD_RUNPATH_SEARCH_PATHS = (
					"$(inherited)",
					"@executable_path/Frameworks",
				);
				MARKETING_VERSION = 1.0;
				PRODUCT_BUNDLE_IDENTIFIER = com.ycompany.AveragePriceCalculator;
				PRODUCT_NAME = "$(TARGET_NAME)";
				SWIFT_EMIT_LOC_STRINGS = YES;
				SWIFT_VERSION = 5.0;
				TARGETED_DEVICE_FAMILY = "1,2";
			};
			name = Release;
		};
/* End XCBuildConfiguration section */

/* Begin XCConfigurationList section */
		492546AE2C7030F100B86971 /* Build configuration list for PBXProject "AveragePriceCalculator" */ = {
			isa = XCConfigurationList;
			buildConfigurations = (
				492546BF2C7030F300B86971 /* Debug */,
				492546C02C7030F300B86971 /* Release */,
			);
			defaultConfigurationIsVisible = 0;
			defaultConfigurationName = Release;
		};
		492546C12C7030F300B86971 /* Build configuration list for PBXNativeTarget "AveragePriceCalculator" */ = {
			isa = XCConfigurationList;
			buildConfigurations = (
				492546C22C7030F300B86971 /* Debug */,
				492546C32C7030F300B86971 /* Release */,
			);
			defaultConfigurationIsVisible = 0;
			defaultConfigurationName = Release;
		};
/* End XCConfigurationList section */

/* Begin XCRemoteSwiftPackageReference section */
		492546C42C70316900B86971 /* XCRemoteSwiftPackageReference "swift-composable-architecture" */ = {
			isa = XCRemoteSwiftPackageReference;
			repositoryURL = "https://github.com/pointfreeco/swift-composable-architecture";
			requirement = {
				kind = upToNextMajorVersion;
				minimumVersion = 1.13.0;
			};
		};
/* End XCRemoteSwiftPackageReference section */

/* Begin XCSwiftPackageProductDependency section */
		492546C52C70316900B86971 /* ComposableArchitecture */ = {
			isa = XCSwiftPackageProductDependency;
			package = 492546C42C70316900B86971 /* XCRemoteSwiftPackageReference "swift-composable-architecture" */;
			productName = ComposableArchitecture;
		};
/* End XCSwiftPackageProductDependency section */
	};
	rootObject = 492546AB2C7030F100B86971 /* Project object */;
}
